
Microsoft Visual Studio Solution File, Format Version 11.00
# Visual Studio 2010
Project("{FAE04EC0-301F-11D3-BF4B-00C04F79EFBC}") = "Mirror", "Mirror.csproj", "{3A5E2AA3-E220-8436-ADEA-E3B048FE1F3E}"
EndProject
Project("{FAE04EC0-301F-11D3-BF4B-00C04F79EFBC}") = "SimpleWebTransport", "SimpleWebTransport.csproj", "{6D001610-A146-499C-074E-4EB30B0E02E1}"
EndProject
Project("{FAE04EC0-301F-11D3-BF4B-00C04F79EFBC}") = "Assembly-CSharp", "Assembly-CSharp.csproj", "{30705104-D74D-9864-DCC1-D90E90BD7BF4}"
EndProject
Project("{FAE04EC0-301F-11D3-BF4B-00C04F79EFBC}") = "Mirror.Examples", "Mirror.Examples.csproj", "{FB66F22A-C7C4-0705-7C06-82F7788757FA}"
EndProject
Project("{FAE04EC0-301F-11D3-BF4B-00C04F79EFBC}") = "Mirror.Components", "Mirror.Components.csproj", "{81AD796F-F9FB-2020-5493-5AB272C4754E}"
EndProject
Project("{FAE04EC0-301F-11D3-BF4B-00C04F79EFBC}") = "kcp2k", "kcp2k.csproj", "{E57B3CCE-ED99-1654-2CA3-FE8D759D5773}"
EndProject
Project("{FAE04EC0-301F-11D3-BF4B-00C04F79EFBC}") = "Telepathy", "Telepathy.csproj", "{51C493AF-77C2-4DDF-2B83-AA396F859A3F}"
EndProject
Project("{FAE04EC0-301F-11D3-BF4B-00C04F79EFBC}") = "Mirror.Authenticators", "Mirror.Authenticators.csproj", "{F4193865-B5E6-9A01-29BE-A888FBFF2AB0}"
EndProject
Project("{FAE04EC0-301F-11D3-BF4B-00C04F79EFBC}") = "where-allocations", "where-allocations.csproj", "{062AF2D6-0725-1877-5B04-A23F2E144332}"
EndProject
Project("{FAE04EC0-301F-11D3-BF4B-00C04F79EFBC}") = "Mirror.Weaver", "Mirror.Weaver.csproj", "{ACABE6DF-266B-0C29-9DD2-EA8B53247285}"
EndProject
Project("{FAE04EC0-301F-11D3-BF4B-00C04F79EFBC}") = "Mirror.Editor", "Mirror.Editor.csproj", "{FE30829C-BBBC-743A-60B1-B9048BC45F51}"
EndProject
Project("{FAE04EC0-301F-11D3-BF4B-00C04F79EFBC}") = "Mirror.CompilerSymbols", "Mirror.CompilerSymbols.csproj", "{1543BEEB-577F-1DC4-7FEE-A811E285E88A}"
EndProject
Global
	GlobalSection(SolutionConfigurationPlatforms) = preSolution
		Debug|Any CPU = Debug|Any CPU
		Release|Any CPU = Release|Any CPU
	EndGlobalSection
	GlobalSection(ProjectConfigurationPlatforms) = postSolution
		{3A5E2AA3-E220-8436-ADEA-E3B048FE1F3E}.Debug|Any CPU.ActiveCfg = Debug|Any CPU
		{3A5E2AA3-E220-8436-ADEA-E3B048FE1F3E}.Debug|Any CPU.Build.0 = Debug|Any CPU
		{3A5E2AA3-E220-8436-ADEA-E3B048FE1F3E}.Release|Any CPU.ActiveCfg = Release|Any CPU
		{3A5E2AA3-E220-8436-ADEA-E3B048FE1F3E}.Release|Any CPU.Build.0 = Release|Any CPU
		{6D001610-A146-499C-074E-4EB30B0E02E1}.Debug|Any CPU.ActiveCfg = Debug|Any CPU
		{6D001610-A146-499C-074E-4EB30B0E02E1}.Debug|Any CPU.Build.0 = Debug|Any CPU
		{6D001610-A146-499C-074E-4EB30B0E02E1}.Release|Any CPU.ActiveCfg = Release|Any CPU
		{6D001610-A146-499C-074E-4EB30B0E02E1}.Release|Any CPU.Build.0 = Release|Any CPU
		{30705104-D74D-9864-DCC1-D90E90BD7BF4}.Debug|Any CPU.ActiveCfg = Debug|Any CPU
		{30705104-D74D-9864-DCC1-D90E90BD7BF4}.Debug|Any CPU.Build.0 = Debug|Any CPU
		{30705104-D74D-9864-DCC1-D90E90BD7BF4}.Release|Any CPU.ActiveCfg = Release|Any CPU
		{30705104-D74D-9864-DCC1-D90E90BD7BF4}.Release|Any CPU.Build.0 = Release|Any CPU
		{FB66F22A-C7C4-0705-7C06-82F7788757FA}.Debug|Any CPU.ActiveCfg = Debug|Any CPU
		{FB66F22A-C7C4-0705-7C06-82F7788757FA}.Debug|Any CPU.Build.0 = Debug|Any CPU
		{FB66F22A-C7C4-0705-7C06-82F7788757FA}.Release|Any CPU.ActiveCfg = Release|Any CPU
		{FB66F22A-C7C4-0705-7C06-82F7788757FA}.Release|Any CPU.Build.0 = Release|Any CPU
		{81AD796F-F9FB-2020-5493-5AB272C4754E}.Debug|Any CPU.ActiveCfg = Debug|Any CPU
		{81AD796F-F9FB-2020-5493-5AB272C4754E}.Debug|Any CPU.Build.0 = Debug|Any CPU
		{81AD796F-F9FB-2020-5493-5AB272C4754E}.Release|Any CPU.ActiveCfg = Release|Any CPU
		{81AD796F-F9FB-2020-5493-5AB272C4754E}.Release|Any CPU.Build.0 = Release|Any CPU
		{E57B3CCE-ED99-1654-2CA3-FE8D759D5773}.Debug|Any CPU.ActiveCfg = Debug|Any CPU
		{E57B3CCE-ED99-1654-2CA3-FE8D759D5773}.Debug|Any CPU.Build.0 = Debug|Any CPU
		{E57B3CCE-ED99-1654-2CA3-FE8D759D5773}.Release|Any CPU.ActiveCfg = Release|Any CPU
		{E57B3CCE-ED99-1654-2CA3-FE8D759D5773}.Release|Any CPU.Build.0 = Release|Any CPU
		{51C493AF-77C2-4DDF-2B83-AA396F859A3F}.Debug|Any CPU.ActiveCfg = Debug|Any CPU
		{51C493AF-77C2-4DDF-2B83-AA396F859A3F}.Debug|Any CPU.Build.0 = Debug|Any CPU
		{51C493AF-77C2-4DDF-2B83-AA396F859A3F}.Release|Any CPU.ActiveCfg = Release|Any CPU
		{51C493AF-77C2-4DDF-2B83-AA396F859A3F}.Release|Any CPU.Build.0 = Release|Any CPU
		{F4193865-B5E6-9A01-29BE-A888FBFF2AB0}.Debug|Any CPU.ActiveCfg = Debug|Any CPU
		{F4193865-B5E6-9A01-29BE-A888FBFF2AB0}.Debug|Any CPU.Build.0 = Debug|Any CPU
		{F4193865-B5E6-9A01-29BE-A888FBFF2AB0}.Release|Any CPU.ActiveCfg = Release|Any CPU
		{F4193865-B5E6-9A01-29BE-A888FBFF2AB0}.Release|Any CPU.Build.0 = Release|Any CPU
		{062AF2D6-0725-1877-5B04-A23F2E144332}.Debug|Any CPU.ActiveCfg = Debug|Any CPU
		{062AF2D6-0725-1877-5B04-A23F2E144332}.Debug|Any CPU.Build.0 = Debug|Any CPU
		{062AF2D6-0725-1877-5B04-A23F2E144332}.Release|Any CPU.ActiveCfg = Release|Any CPU
		{062AF2D6-0725-1877-5B04-A23F2E144332}.Release|Any CPU.Build.0 = Release|Any CPU
		{ACABE6DF-266B-0C29-9DD2-EA8B53247285}.Debug|Any CPU.ActiveCfg = Debug|Any CPU
		{ACABE6DF-266B-0C29-9DD2-EA8B53247285}.Debug|Any CPU.Build.0 = Debug|Any CPU
		{ACABE6DF-266B-0C29-9DD2-EA8B53247285}.Release|Any CPU.ActiveCfg = Release|Any CPU
		{ACABE6DF-266B-0C29-9DD2-EA8B53247285}.Release|Any CPU.Build.0 = Release|Any CPU
		{FE30829C-BBBC-743A-60B1-B9048BC45F51}.Debug|Any CPU.ActiveCfg = Debug|Any CPU
		{FE30829C-BBBC-743A-60B1-B9048BC45F51}.Debug|Any CPU.Build.0 = Debug|Any CPU
		{FE30829C-BBBC-743A-60B1-B9048BC45F51}.Release|Any CPU.ActiveCfg = Release|Any CPU
		{FE30829C-BBBC-743A-60B1-B9048BC45F51}.Release|Any CPU.Build.0 = Release|Any CPU
		{1543BEEB-577F-1DC4-7FEE-A811E285E88A}.Debug|Any CPU.ActiveCfg = Debug|Any CPU
		{1543BEEB-577F-1DC4-7FEE-A811E285E88A}.Debug|Any CPU.Build.0 = Debug|Any CPU
		{1543BEEB-577F-1DC4-7FEE-A811E285E88A}.Release|Any CPU.ActiveCfg = Release|Any CPU
		{1543BEEB-577F-1DC4-7FEE-A811E285E88A}.Release|Any CPU.Build.0 = Release|Any CPU
	EndGlobalSection
	GlobalSection(SolutionProperties) = preSolution
		HideSolutionNode = FALSE
	EndGlobalSection
EndGlobal
